lockfileVersion: 5.4

specifiers:
  fp-ts: ^2.13.1
  solid-js: ^1.6.2

dependencies:
  fp-ts: 2.13.1

devDependencies:
  solid-js: 1.6.2

packages:

  /csstype/3.1.1:
    resolution: {integrity: sha512-DJR/VvkAvSZW9bTouZue2sSxDwdTN92uHjqeKVm+0dAqdfNykRzQ95tay8aXMBAAPpUiq4Qcug2L7neoRh2Egw==}
    dev: true

  /fp-ts/2.13.1:
    resolution: {integrity: sha512-0eu5ULPS2c/jsa1lGFneEFFEdTbembJv8e4QKXeVJ3lm/5hyve06dlKZrpxmMwJt6rYen7sxmHHK2CLaXvWuWQ==}
    dev: false

  /solid-js/1.6.2:
    resolution: {integrity: sha512-AZBsj+Yn1xliniTTeuQKG9V7VQVkQ8lZmSKvBjpcVSoZeF7nvt/N5f7Kcsx6QSufioa2YgvBjkIiA0cM0qhotw==}
    dependencies:
      csstype: 3.1.1
    dev: true
